{
  "nodes": {
    "flake-utils": {
      "locked": {
        "lastModified": 1610051610,
        "narHash": "sha256-U9rPz/usA1/Aohhk7Cmc2gBrEEKRzcW4nwPWMPwja4Y=",
        "owner": "numtide",
        "repo": "flake-utils",
        "rev": "3982c9903e93927c2164caa727cd3f6a0e6d14cc",
        "type": "github"
      },
      "original": {
        "owner": "numtide",
        "repo": "flake-utils",
        "type": "github"
      }
    },
    "nextflow-src": {
      "flake": false,
      "locked": {
        "narHash": "sha256-vpx7GcphQLkJmCdQslnuPW1UwkaufHnHJi0oRdXMA2A=",
        "type": "tarball",
        "url": "https://github.com/nextflow-io/nextflow/archive/v20.10.0.tar.gz"
      },
      "original": {
        "type": "tarball",
        "url": "https://github.com/nextflow-io/nextflow/archive/v20.10.0.tar.gz"
      }
    },
    "nixpkgs": {
      "locked": {
        "lastModified": 1638161295,
        "narHash": "sha256-gLVjBxvI5tLMl2BzbGnpgVppnAxTrkrVeCyBQ5N6VQs=",
        "owner": "NixOS",
        "repo": "nixpkgs",
        "rev": "8e6b3914626900ad8f465c3e3541edbb86a95d41",
        "type": "github"
      },
      "original": {
        "owner": "NixOS",
        "ref": "nixos-21.11",
        "repo": "nixpkgs",
        "type": "github"
      }
    },
    "poseidon-src": {
      "flake": false,
      "locked": {
        "narHash": "sha256-46/n9m0+iIO1uUA5ZZLpdyYUthG3IIUY4J0w0rSQ/pg=",
        "type": "tarball",
        "url": "https://github.com/hoelzer/poseidon/archive/v1.0.1.tar.gz"
      },
      "original": {
        "type": "tarball",
        "url": "https://github.com/hoelzer/poseidon/archive/v1.0.1.tar.gz"
      }
    },
    "root": {
      "inputs": {
        "flake-utils": "flake-utils",
        "nextflow-src": "nextflow-src",
        "nixpkgs": "nixpkgs",
        "poseidon-src": "poseidon-src"
      }
    }
  },
  "root": "root",
  "version": 7
}
